{
    "_readme": [
        "This file locks the dependencies of your project to a known state",
        "Read more about it at https://getcomposer.org/doc/01-basic-usage.md#composer-lock-the-lock-file",
        "This file is @generated automatically"
    ],
    "hash": "493b26ae6e23ccc72056045e18c34dbf",
    "content-hash": "fcf905e57914de2a7cbf6d06f81777f5",
    "packages": [
        {
            "name": "container-interop/container-interop",
            "version": "1.1.0",
            "source": {
                "type": "git",
                "url": "https://github.com/container-interop/container-interop.git",
                "reference": "fc08354828f8fd3245f77a66b9e23a6bca48297e"
            },
            "dist": {
                "type": "zip",
                "url": "https://api.github.com/repos/container-interop/container-interop/zipball/fc08354828f8fd3245f77a66b9e23a6bca48297e",
                "reference": "fc08354828f8fd3245f77a66b9e23a6bca48297e",
                "shasum": ""
            },
            "type": "library",
            "autoload": {
                "psr-4": {
                    "Interop\\Container\\": "src/Interop/Container/"
                }
            },
            "notification-url": "https://packagist.org/downloads/",
            "license": [
                "MIT"
            ],
            "description": "Promoting the interoperability of container objects (DIC, SL, etc.)",
            "time": "2014-12-30 15:22:37"
        },
        {
            "name": "couscous/couscous",
            "version": "1.5.0",
            "source": {
                "type": "git",
                "url": "https://github.com/CouscousPHP/Couscous.git",
                "reference": "b45be656fc8cf1ddf0b58c602783ae62e80c818e"
            },
            "dist": {
                "type": "zip",
                "url": "https://api.github.com/repos/CouscousPHP/Couscous/zipball/b45be656fc8cf1ddf0b58c602783ae62e80c818e",
                "reference": "b45be656fc8cf1ddf0b58c602783ae62e80c818e",
                "shasum": ""
            },
            "require": {
                "erusev/parsedown": "~1.5",
                "erusev/parsedown-extra": "~0.7",
                "mnapoli/front-yaml": "~1.5",
                "padraic/phar-updater": "^1.0",
                "phine/phar": "~1.0",
                "php": ">=5.4.0",
                "php-di/php-di": "^5.2.1",
                "psr/log": "~1.0",
                "symfony/console": "~2.6",
                "symfony/filesystem": "~2.6",
                "symfony/finder": "~2.6",
                "symfony/process": "~2.6",
                "symfony/yaml": "~2.6",
                "twig/twig": "~1.10"
            },
            "require-dev": {
                "phpunit/phpunit": "~4.5"
            },
            "bin": [
                "bin/couscous"
            ],
            "type": "library",
            "autoload": {
                "psr-4": {
                    "Couscous\\": "src/"
                }
            },
            "notification-url": "https://packagist.org/downloads/",
            "license": [
                "MIT"
            ],
            "time": "2016-04-03 11:31:43"
        },
        {
            "name": "erusev/parsedown",
            "version": "1.6.0",
            "source": {
                "type": "git",
                "url": "https://github.com/erusev/parsedown.git",
                "reference": "3ebbd730b5c2cf5ce78bc1bf64071407fc6674b7"
            },
            "dist": {
                "type": "zip",
                "url": "https://api.github.com/repos/erusev/parsedown/zipball/3ebbd730b5c2cf5ce78bc1bf64071407fc6674b7",
                "reference": "3ebbd730b5c2cf5ce78bc1bf64071407fc6674b7",
                "shasum": ""
            },
            "type": "library",
            "autoload": {
                "psr-0": {
                    "Parsedown": ""
                }
            },
            "notification-url": "https://packagist.org/downloads/",
            "license": [
                "MIT"
            ],
            "authors": [
                {
                    "name": "Emanuil Rusev",
                    "email": "hello@erusev.com",
                    "homepage": "http://erusev.com"
                }
            ],
            "description": "Parser for Markdown.",
            "homepage": "http://parsedown.org",
            "keywords": [
                "markdown",
                "parser"
            ],
            "time": "2015-10-04 16:44:32"
        },
        {
            "name": "erusev/parsedown-extra",
            "version": "0.7.1",
            "source": {
                "type": "git",
                "url": "https://github.com/erusev/parsedown-extra.git",
                "reference": "0db5cce7354e4b76f155d092ab5eb3981c21258c"
            },
            "dist": {
                "type": "zip",
                "url": "https://api.github.com/repos/erusev/parsedown-extra/zipball/0db5cce7354e4b76f155d092ab5eb3981c21258c",
                "reference": "0db5cce7354e4b76f155d092ab5eb3981c21258c",
                "shasum": ""
            },
            "require": {
                "erusev/parsedown": "~1.4"
            },
            "type": "library",
            "autoload": {
                "psr-0": {
                    "ParsedownExtra": ""
                }
            },
            "notification-url": "https://packagist.org/downloads/",
            "license": [
                "MIT"
            ],
            "authors": [
                {
                    "name": "Emanuil Rusev",
                    "email": "hello@erusev.com",
                    "homepage": "http://erusev.com"
                }
            ],
            "description": "An extension of Parsedown that adds support for Markdown Extra.",
            "homepage": "https://github.com/erusev/parsedown-extra",
            "keywords": [
                "markdown",
                "markdown extra",
                "parsedown",
                "parser"
            ],
            "time": "2015-11-01 10:19:22"
        },
        {
            "name": "mnapoli/front-yaml",
            "version": "1.5.1",
            "source": {
                "type": "git",
                "url": "https://github.com/mnapoli/FrontYAML.git",
                "reference": "702982070dae3f3635eda4f41ab4725b38a0e63a"
            },
            "dist": {
                "type": "zip",
                "url": "https://api.github.com/repos/mnapoli/FrontYAML/zipball/702982070dae3f3635eda4f41ab4725b38a0e63a",
                "reference": "702982070dae3f3635eda4f41ab4725b38a0e63a",
                "shasum": ""
            },
            "require": {
                "erusev/parsedown": "~1.0",
                "symfony/yaml": "~2.1|^3.0"
            },
            "require-dev": {
                "league/commonmark": "~0.7",
                "phpunit/phpunit": "~4.5"
            },
            "type": "library",
            "autoload": {
                "psr-4": {
                    "Mni\\FrontYAML\\": "src/"
                }
            },
            "notification-url": "https://packagist.org/downloads/",
            "license": [
                "MIT"
            ],
            "time": "2016-04-15 11:49:09"
        },
        {
            "name": "padraic/humbug_get_contents",
            "version": "1.0.4",
            "source": {
                "type": "git",
                "url": "https://github.com/padraic/file_get_contents.git",
                "reference": "66797199019d0cb4529cb8d29c6f0b4c5085b53a"
            },
            "dist": {
                "type": "zip",
                "url": "https://api.github.com/repos/padraic/file_get_contents/zipball/66797199019d0cb4529cb8d29c6f0b4c5085b53a",
                "reference": "66797199019d0cb4529cb8d29c6f0b4c5085b53a",
                "shasum": ""
            },
            "require": {
                "php": ">=5.3"
            },
            "require-dev": {
                "phpunit/phpunit": "~4.0"
            },
            "type": "library",
            "extra": {
                "branch-alias": {
                    "dev-master": "1.0-dev"
                }
            },
            "autoload": {
                "psr-4": {
                    "Humbug\\": "src/Humbug/"
                },
                "files": [
                    "src/function.php"
                ]
            },
            "notification-url": "https://packagist.org/downloads/",
            "license": [
                "BSD-3-Clause"
            ],
            "authors": [
                {
                    "name": "Pádraic Brady",
                    "email": "padraic.brady@gmail.com",
                    "homepage": "http://blog.astrumfutura.com"
                }
            ],
            "description": "Secure wrapper for accessing HTTPS resources with file_get_contents for PHP 5.3+",
            "homepage": "https://github.com/padraic/file_get_contents",
            "keywords": [
                "download",
                "file_get_contents",
                "http",
                "https",
                "ssl",
                "tls"
            ],
            "time": "2015-04-22 18:45:00"
        },
        {
            "name": "padraic/phar-updater",
            "version": "1.0.3",
            "source": {
                "type": "git",
                "url": "https://github.com/padraic/phar-updater.git",
                "reference": "c17eeb3887dc4269d1b4837dc875d39e9f8149a8"
            },
            "dist": {
                "type": "zip",
                "url": "https://api.github.com/repos/padraic/phar-updater/zipball/c17eeb3887dc4269d1b4837dc875d39e9f8149a8",
                "reference": "c17eeb3887dc4269d1b4837dc875d39e9f8149a8",
                "shasum": ""
            },
            "require": {
                "padraic/humbug_get_contents": "^1.0",
                "php": ">=5.3.3"
            },
            "require-dev": {
                "phpunit/phpunit": "~4.0"
            },
            "type": "library",
            "extra": {
                "branch-alias": {
                    "dev-master": "1.0-dev"
                }
            },
            "autoload": {
                "psr-4": {
                    "Humbug\\SelfUpdate\\": "src/"
                }
            },
            "notification-url": "https://packagist.org/downloads/",
            "license": [
                "BSD-3-Clause"
            ],
            "authors": [
                {
                    "name": "Pádraic Brady",
                    "email": "padraic.brady@gmail.com",
                    "homepage": "http://blog.astrumfutura.com"
                }
            ],
            "description": "A thing to make PHAR self-updating easy and secure.",
            "keywords": [
                "humbug",
                "phar",
                "self-update",
                "update"
            ],
            "time": "2016-01-05 23:08:01"
        },
        {
            "name": "phine/exception",
            "version": "1.0.0",
            "source": {
                "type": "git",
                "url": "https://github.com/kherge-abandoned/lib-exception.git",
                "reference": "150c6b6090b2ebc53c60e87cb20c7f1287b7b68a"
            },
            "dist": {
                "type": "zip",
                "url": "https://api.github.com/repos/kherge-abandoned/lib-exception/zipball/150c6b6090b2ebc53c60e87cb20c7f1287b7b68a",
                "reference": "150c6b6090b2ebc53c60e87cb20c7f1287b7b68a",
                "shasum": ""
            },
            "require": {
                "php": ">=5.3.3"
            },
            "require-dev": {
                "league/phpunit-coverage-listener": "~1.0"
            },
            "type": "library",
            "extra": {
                "branch-alias": {
                    "dev-master": "1.0-dev"
                }
            },
            "autoload": {
                "psr-0": {
                    "Phine\\Exception": "src/lib"
                }
            },
            "notification-url": "https://packagist.org/downloads/",
            "license": [
                "MIT"
            ],
            "authors": [
                {
                    "name": "Kevin Herrera",
                    "email": "kevin@herrera.io",
                    "homepage": "http://kevin.herrera.io"
                }
            ],
            "description": "A PHP library for improving the use of exceptions.",
            "homepage": "https://github.com/phine/lib-exception",
            "keywords": [
                "exception"
            ],
            "time": "2013-08-27 17:43:25"
        },
        {
            "name": "phine/observer",
            "version": "2.0.1",
            "source": {
                "type": "git",
                "url": "https://github.com/kherge-abandoned/lib-observer.git",
                "reference": "a3ed2f81c79a056ba1fc4949e03c3e1601665106"
            },
            "dist": {
                "type": "zip",
                "url": "https://api.github.com/repos/kherge-abandoned/lib-observer/zipball/a3ed2f81c79a056ba1fc4949e03c3e1601665106",
                "reference": "a3ed2f81c79a056ba1fc4949e03c3e1601665106",
                "shasum": ""
            },
            "require": {
                "phine/exception": "~1.0",
                "php": ">=5.3.9"
            },
            "require-dev": {
                "league/phpunit-coverage-listener": "~1.0",
                "phine/test": "~1.0"
            },
            "type": "library",
            "extra": {
                "branch-alias": {
                    "dev-master": "2.0-dev"
                }
            },
            "autoload": {
                "psr-0": {
                    "Phine\\Observer": "src/lib"
                }
            },
            "notification-url": "https://packagist.org/downloads/",
            "license": [
                "MIT"
            ],
            "authors": [
                {
                    "name": "Kevin Herrera",
                    "email": "kevin@herrera.io",
                    "homepage": "http://kevin.herrera.io"
                }
            ],
            "description": "A PHP library that implements the observer pattern.",
            "homepage": "https://github.com/phine/lib-observer",
            "keywords": [
                "observer"
            ],
            "time": "2013-12-17 23:50:08"
        },
        {
            "name": "phine/path",
            "version": "1.1.0",
            "source": {
                "type": "git",
                "url": "https://github.com/box-project/box2-path.git",
                "reference": "cbe1a5eb6cf22958394db2469af9b773508abddd"
            },
            "dist": {
                "type": "zip",
                "url": "https://api.github.com/repos/box-project/box2-path/zipball/cbe1a5eb6cf22958394db2469af9b773508abddd",
                "reference": "cbe1a5eb6cf22958394db2469af9b773508abddd",
                "shasum": ""
            },
            "require": {
                "phine/exception": "~1.0",
                "php": ">=5.3.3"
            },
            "require-dev": {
                "league/phpunit-coverage-listener": "~1.0"
            },
            "type": "library",
            "extra": {
                "branch-alias": {
                    "dev-master": "1.0-dev"
                }
            },
            "autoload": {
                "psr-0": {
                    "Phine\\Path": "src/lib"
                }
            },
            "notification-url": "https://packagist.org/downloads/",
            "license": [
                "MIT"
            ],
            "authors": [
                {
                    "name": "Kevin Herrera",
                    "email": "kevin@herrera.io",
                    "homepage": "http://kevin.herrera.io"
                }
            ],
            "description": "A PHP library for improving the use of file system paths.",
            "homepage": "https://github.com/phine/lib-path",
            "keywords": [
                "file",
                "path",
                "system"
            ],
            "time": "2013-10-15 22:58:04"
        },
        {
            "name": "phine/phar",
            "version": "1.0.2",
            "source": {
                "type": "git",
                "url": "https://github.com/kherge-abandoned/lib-phar.git",
                "reference": "6ba06dcbd094926ebc3be75cbb2067b530c743f5"
            },
            "dist": {
                "type": "zip",
                "url": "https://api.github.com/repos/kherge-abandoned/lib-phar/zipball/6ba06dcbd094926ebc3be75cbb2067b530c743f5",
                "reference": "6ba06dcbd094926ebc3be75cbb2067b530c743f5",
                "shasum": ""
            },
            "require": {
                "phine/exception": "~1.0",
                "phine/observer": "~2.0.0",
                "phine/path": "~1.0",
                "php": ">=5.3.3"
            },
            "require-dev": {
                "league/phpunit-coverage-listener": "~1.0",
                "phine/test": "~1.0"
            },
            "suggest": {
                "ext-phar": "For creating PHP archives."
            },
            "type": "library",
            "extra": {
                "branch-alias": {
                    "dev-master": "1.0-dev"
                }
            },
            "autoload": {
                "psr-0": {
                    "Phine\\Phar": "src/lib"
                }
            },
            "notification-url": "https://packagist.org/downloads/",
            "license": [
                "MIT"
            ],
            "authors": [
                {
                    "name": "Kevin Herrera",
                    "email": "kevin@herrera.io",
                    "homepage": "http://kevin.herrera.io"
                }
            ],
            "description": "A PHP library for creating and reading (without the phar extension) PHP archives.",
            "homepage": "https://github.com/phine/lib-phar",
            "keywords": [
                "phar"
            ],
            "time": "2013-12-18 00:12:41"
        },
        {
            "name": "php-di/invoker",
            "version": "1.3.0",
            "source": {
                "type": "git",
                "url": "https://github.com/PHP-DI/Invoker.git",
                "reference": "c5c50237115803d7410d13d9d6afb5afe6526fac"
            },
            "dist": {
                "type": "zip",
                "url": "https://api.github.com/repos/PHP-DI/Invoker/zipball/c5c50237115803d7410d13d9d6afb5afe6526fac",
                "reference": "c5c50237115803d7410d13d9d6afb5afe6526fac",
                "shasum": ""
            },
            "require": {
                "container-interop/container-interop": "~1.1"
            },
            "require-dev": {
                "athletic/athletic": "~0.1.8",
                "phpunit/phpunit": "~4.5"
            },
            "type": "library",
            "autoload": {
                "psr-4": {
                    "Invoker\\": "src/"
                }
            },
            "notification-url": "https://packagist.org/downloads/",
            "license": [
                "MIT"
            ],
            "description": "Generic and extensible callable invoker",
            "homepage": "https://github.com/PHP-DI/Invoker",
            "keywords": [
                "callable",
                "dependency",
                "dependency-injection",
                "injection",
                "invoke",
                "invoker"
            ],
            "time": "2016-03-20 17:49:41"
        },
        {
            "name": "php-di/php-di",
            "version": "5.2.2",
            "source": {
                "type": "git",
                "url": "https://github.com/PHP-DI/PHP-DI.git",
                "reference": "f574bcc841201ab04587b1c6da1234d4044f67d8"
            },
            "dist": {
                "type": "zip",
                "url": "https://api.github.com/repos/PHP-DI/PHP-DI/zipball/f574bcc841201ab04587b1c6da1234d4044f67d8",
                "reference": "f574bcc841201ab04587b1c6da1234d4044f67d8",
                "shasum": ""
            },
            "require": {
                "container-interop/container-interop": "~1.0",
                "php": ">=5.4.0",
                "php-di/invoker": "^1.1.1",
                "php-di/phpdoc-reader": "^2.0.1"
            },
            "replace": {
                "mnapoli/php-di": "*"
            },
            "require-dev": {
                "doctrine/annotations": "~1.2",
                "doctrine/cache": "~1.4",
                "mnapoli/phpunit-easymock": "~0.2.0",
                "ocramius/proxy-manager": "~1.0",
                "phpunit/phpunit": "~4.5"
            },
            "suggest": {
                "doctrine/annotations": "Install it if you want to use annotations (version ~1.2)",
                "doctrine/cache": "Install it if you want to use the cache (version ~1.4)",
                "ocramius/proxy-manager": "Install it if you want to use lazy injection (version ~1.0)"
            },
            "type": "library",
            "autoload": {
                "psr-4": {
                    "DI\\": "src/DI/"
                },
                "files": [
                    "src/DI/functions.php"
                ]
            },
            "notification-url": "https://packagist.org/downloads/",
            "license": [
                "MIT"
            ],
            "description": "The dependency injection container for humans",
            "homepage": "http://php-di.org/",
            "keywords": [
                "container",
                "dependency injection",
                "di"
            ],
            "time": "2016-02-09 22:00:00"
        },
        {
            "name": "php-di/phpdoc-reader",
            "version": "2.0.1",
            "source": {
                "type": "git",
                "url": "https://github.com/PHP-DI/PhpDocReader.git",
                "reference": "83f5ead159defccfa8e7092e5b6c1c533b326d68"
            },
            "dist": {
                "type": "zip",
                "url": "https://api.github.com/repos/PHP-DI/PhpDocReader/zipball/83f5ead159defccfa8e7092e5b6c1c533b326d68",
                "reference": "83f5ead159defccfa8e7092e5b6c1c533b326d68",
                "shasum": ""
            },
            "require": {
                "php": ">=5.3.0"
            },
            "require-dev": {
                "phpunit/phpunit": "~4.6"
            },
            "type": "library",
            "autoload": {
                "psr-4": {
                    "PhpDocReader\\": "src/PhpDocReader"
                }
            },
            "notification-url": "https://packagist.org/downloads/",
            "license": [
                "MIT"
            ],
            "description": "PhpDocReader parses @var and @param values in PHP docblocks (supports namespaced class names with the same resolution rules as PHP)",
            "keywords": [
                "phpdoc",
                "reflection"
            ],
            "time": "2015-11-29 10:34:25"
        },
        {
            "name": "psr/log",
            "version": "1.0.0",
            "source": {
                "type": "git",
                "url": "https://github.com/php-fig/log.git",
                "reference": "fe0936ee26643249e916849d48e3a51d5f5e278b"
            },
            "dist": {
                "type": "zip",
                "url": "https://api.github.com/repos/php-fig/log/zipball/fe0936ee26643249e916849d48e3a51d5f5e278b",
                "reference": "fe0936ee26643249e916849d48e3a51d5f5e278b",
                "shasum": ""
            },
            "type": "library",
            "autoload": {
                "psr-0": {
                    "Psr\\Log\\": ""
                }
            },
            "notification-url": "https://packagist.org/downloads/",
            "license": [
                "MIT"
            ],
            "authors": [
                {
                    "name": "PHP-FIG",
                    "homepage": "http://www.php-fig.org/"
                }
            ],
            "description": "Common interface for logging libraries",
            "keywords": [
                "log",
                "psr",
                "psr-3"
            ],
            "time": "2012-12-21 11:40:51"
        },
        {
            "name": "symfony/console",
            "version": "v2.8.4",
            "source": {
                "type": "git",
                "url": "https://github.com/symfony/console.git",
                "reference": "9a5aef5fc0d4eff86853d44202b02be8d5a20154"
            },
            "dist": {
                "type": "zip",
                "url": "https://api.github.com/repos/symfony/console/zipball/9a5aef5fc0d4eff86853d44202b02be8d5a20154",
                "reference": "9a5aef5fc0d4eff86853d44202b02be8d5a20154",
                "shasum": ""
            },
            "require": {
                "php": ">=5.3.9",
                "symfony/polyfill-mbstring": "~1.0"
            },
            "require-dev": {
                "psr/log": "~1.0",
                "symfony/event-dispatcher": "~2.1|~3.0.0",
                "symfony/process": "~2.1|~3.0.0"
            },
            "suggest": {
                "psr/log": "For using the console logger",
                "symfony/event-dispatcher": "",
                "symfony/process": ""
            },
            "type": "library",
            "extra": {
                "branch-alias": {
                    "dev-master": "2.8-dev"
                }
            },
            "autoload": {
                "psr-4": {
                    "Symfony\\Component\\Console\\": ""
                },
                "exclude-from-classmap": [
                    "/Tests/"
                ]
            },
            "notification-url": "https://packagist.org/downloads/",
            "license": [
                "MIT"
            ],
            "authors": [
                {
                    "name": "Fabien Potencier",
                    "email": "fabien@symfony.com"
                },
                {
                    "name": "Symfony Community",
                    "homepage": "https://symfony.com/contributors"
                }
            ],
            "description": "Symfony Console Component",
            "homepage": "https://symfony.com",
            "time": "2016-03-17 09:19:04"
        },
        {
            "name": "symfony/filesystem",
            "version": "v2.8.4",
            "source": {
                "type": "git",
                "url": "https://github.com/symfony/filesystem.git",
                "reference": "f08ffdf229252cd2745558cb2112df43903bcae4"
            },
            "dist": {
                "type": "zip",
                "url": "https://api.github.com/repos/symfony/filesystem/zipball/f08ffdf229252cd2745558cb2112df43903bcae4",
                "reference": "f08ffdf229252cd2745558cb2112df43903bcae4",
                "shasum": ""
            },
            "require": {
                "php": ">=5.3.9"
            },
            "type": "library",
            "extra": {
                "branch-alias": {
                    "dev-master": "2.8-dev"
                }
            },
            "autoload": {
                "psr-4": {
                    "Symfony\\Component\\Filesystem\\": ""
                },
                "exclude-from-classmap": [
                    "/Tests/"
                ]
            },
            "notification-url": "https://packagist.org/downloads/",
            "license": [
                "MIT"
            ],
            "authors": [
                {
                    "name": "Fabien Potencier",
                    "email": "fabien@symfony.com"
                },
                {
                    "name": "Symfony Community",
                    "homepage": "https://symfony.com/contributors"
                }
            ],
            "description": "Symfony Filesystem Component",
            "homepage": "https://symfony.com",
            "time": "2016-03-27 10:20:16"
        },
        {
            "name": "symfony/finder",
            "version": "v2.8.4",
            "source": {
                "type": "git",
                "url": "https://github.com/symfony/finder.git",
                "reference": "ca24cf2cd4e3826f571e0067e535758e73807aa1"
            },
            "dist": {
                "type": "zip",
                "url": "https://api.github.com/repos/symfony/finder/zipball/ca24cf2cd4e3826f571e0067e535758e73807aa1",
                "reference": "ca24cf2cd4e3826f571e0067e535758e73807aa1",
                "shasum": ""
            },
            "require": {
                "php": ">=5.3.9"
            },
            "type": "library",
            "extra": {
                "branch-alias": {
                    "dev-master": "2.8-dev"
                }
            },
            "autoload": {
                "psr-4": {
                    "Symfony\\Component\\Finder\\": ""
                },
                "exclude-from-classmap": [
                    "/Tests/"
                ]
            },
            "notification-url": "https://packagist.org/downloads/",
            "license": [
                "MIT"
            ],
            "authors": [
                {
                    "name": "Fabien Potencier",
                    "email": "fabien@symfony.com"
                },
                {
                    "name": "Symfony Community",
                    "homepage": "https://symfony.com/contributors"
                }
            ],
            "description": "Symfony Finder Component",
            "homepage": "https://symfony.com",
            "time": "2016-03-10 10:53:53"
        },
        {
            "name": "symfony/polyfill-mbstring",
            "version": "v1.1.1",
            "source": {
                "type": "git",
                "url": "https://github.com/symfony/polyfill-mbstring.git",
                "reference": "1289d16209491b584839022f29257ad859b8532d"
            },
            "dist": {
                "type": "zip",
                "url": "https://api.github.com/repos/symfony/polyfill-mbstring/zipball/1289d16209491b584839022f29257ad859b8532d",
                "reference": "1289d16209491b584839022f29257ad859b8532d",
                "shasum": ""
            },
            "require": {
                "php": ">=5.3.3"
            },
            "suggest": {
                "ext-mbstring": "For best performance"
            },
            "type": "library",
            "extra": {
                "branch-alias": {
                    "dev-master": "1.1-dev"
                }
            },
            "autoload": {
                "psr-4": {
                    "Symfony\\Polyfill\\Mbstring\\": ""
                },
                "files": [
                    "bootstrap.php"
                ]
            },
            "notification-url": "https://packagist.org/downloads/",
            "license": [
                "MIT"
            ],
            "authors": [
                {
                    "name": "Nicolas Grekas",
                    "email": "p@tchwork.com"
                },
                {
                    "name": "Symfony Community",
                    "homepage": "https://symfony.com/contributors"
                }
            ],
            "description": "Symfony polyfill for the Mbstring extension",
            "homepage": "https://symfony.com",
            "keywords": [
                "compatibility",
                "mbstring",
                "polyfill",
                "portable",
                "shim"
            ],
            "time": "2016-01-20 09:13:37"
        },
        {
            "name": "symfony/process",
            "version": "v2.8.4",
            "source": {
                "type": "git",
                "url": "https://github.com/symfony/process.git",
                "reference": "fb467471952ef5cf8497c029980e556b47545333"
            },
            "dist": {
                "type": "zip",
                "url": "https://api.github.com/repos/symfony/process/zipball/fb467471952ef5cf8497c029980e556b47545333",
                "reference": "fb467471952ef5cf8497c029980e556b47545333",
                "shasum": ""
            },
            "require": {
                "php": ">=5.3.9"
            },
            "type": "library",
            "extra": {
                "branch-alias": {
                    "dev-master": "2.8-dev"
                }
            },
            "autoload": {
                "psr-4": {
                    "Symfony\\Component\\Process\\": ""
                },
                "exclude-from-classmap": [
                    "/Tests/"
                ]
            },
            "notification-url": "https://packagist.org/downloads/",
            "license": [
                "MIT"
            ],
            "authors": [
                {
                    "name": "Fabien Potencier",
                    "email": "fabien@symfony.com"
                },
                {
                    "name": "Symfony Community",
                    "homepage": "https://symfony.com/contributors"
                }
            ],
            "description": "Symfony Process Component",
            "homepage": "https://symfony.com",
            "time": "2016-03-23 13:11:46"
        },
        {
            "name": "symfony/yaml",
            "version": "v2.8.4",
            "source": {
                "type": "git",
                "url": "https://github.com/symfony/yaml.git",
                "reference": "584e52cb8f788a887553ba82db6caacb1d6260bb"
            },
            "dist": {
                "type": "zip",
                "url": "https://api.github.com/repos/symfony/yaml/zipball/584e52cb8f788a887553ba82db6caacb1d6260bb",
                "reference": "584e52cb8f788a887553ba82db6caacb1d6260bb",
                "shasum": ""
            },
            "require": {
                "php": ">=5.3.9"
            },
            "type": "library",
            "extra": {
                "branch-alias": {
                    "dev-master": "2.8-dev"
                }
            },
            "autoload": {
                "psr-4": {
                    "Symfony\\Component\\Yaml\\": ""
                },
                "exclude-from-classmap": [
                    "/Tests/"
                ]
            },
            "notification-url": "https://packagist.org/downloads/",
            "license": [
                "MIT"
            ],
            "authors": [
                {
                    "name": "Fabien Potencier",
                    "email": "fabien@symfony.com"
                },
                {
                    "name": "Symfony Community",
                    "homepage": "https://symfony.com/contributors"
                }
            ],
            "description": "Symfony Yaml Component",
            "homepage": "https://symfony.com",
            "time": "2016-03-04 07:54:35"
        },
        {
            "name": "twig/twig",
            "version": "v1.24.0",
            "source": {
                "type": "git",
                "url": "https://github.com/twigphp/Twig.git",
                "reference": "3e5aa30ebfbafd5951fb1b01e338e1800ce7e0e8"
            },
            "dist": {
                "type": "zip",
                "url": "https://api.github.com/repos/twigphp/Twig/zipball/3e5aa30ebfbafd5951fb1b01e338e1800ce7e0e8",
                "reference": "3e5aa30ebfbafd5951fb1b01e338e1800ce7e0e8",
                "shasum": ""
            },
            "require": {
                "php": ">=5.2.7"
            },
            "require-dev": {
                "symfony/debug": "~2.7",
                "symfony/phpunit-bridge": "~2.7"
            },
            "type": "library",
            "extra": {
                "branch-alias": {
                    "dev-master": "1.24-dev"
                }
            },
            "autoload": {
                "psr-0": {
                    "Twig_": "lib/"
                }
            },
            "notification-url": "https://packagist.org/downloads/",
            "license": [
                "BSD-3-Clause"
            ],
            "authors": [
                {
                    "name": "Fabien Potencier",
                    "email": "fabien@symfony.com",
                    "homepage": "http://fabien.potencier.org",
                    "role": "Lead Developer"
                },
                {
                    "name": "Armin Ronacher",
                    "email": "armin.ronacher@active-4.com",
                    "role": "Project Founder"
                },
                {
                    "name": "Twig Team",
                    "homepage": "http://twig.sensiolabs.org/contributors",
                    "role": "Contributors"
                }
            ],
            "description": "Twig, the flexible, fast, and secure template language for PHP",
            "homepage": "http://twig.sensiolabs.org",
            "keywords": [
                "templating"
            ],
            "time": "2016-01-25 21:22:18"
        }
    ],
    "packages-dev": [],
    "aliases": [],
    "minimum-stability": "stable",
    "stability-flags": [],
    "prefer-stable": false,
    "prefer-lowest": false,
    "platform": [],
    "platform-dev": []
}
